
Microsoft Visual Studio Solution File, Format Version 12.00
# Visual Studio Version 17
VisualStudioVersion = 17.5.002.0
MinimumVisualStudioVersion = 10.0.40219.1
Project("{9A19103F-16F7-4668-BE54-9A1E7A4F7556}") = "DOOH.Adboard", "DOOH.Adboard.csproj", "{8EA0BCEC-D37E-4E2A-93BC-BD19B550E780}"
EndProject
Global
	GlobalSection(SolutionConfigurationPlatforms) = preSolution
		Debug|Any CPU = Debug|Any CPU
		Release|Any CPU = Release|Any CPU
	EndGlobalSection
	GlobalSection(ProjectConfigurationPlatforms) = postSolution
		{8EA0BCEC-D37E-4E2A-93BC-BD19B550E780}.Debug|Any CPU.ActiveCfg = Debug|Any CPU
		{8EA0BCEC-D37E-4E2A-93BC-BD19B550E780}.Debug|Any CPU.Build.0 = Debug|Any CPU
		{8EA0BCEC-D37E-4E2A-93BC-BD19B550E780}.Release|Any CPU.ActiveCfg = Release|Any CPU
		{8EA0BCEC-D37E-4E2A-93BC-BD19B550E780}.Release|Any CPU.Build.0 = Release|Any CPU
	EndGlobalSection
	GlobalSection(SolutionProperties) = preSolution
		HideSolutionNode = FALSE
	EndGlobalSection
	GlobalSection(ExtensibilityGlobals) = postSolution
		SolutionGuid = {4957B236-4797-4039-9D10-4FCA00A3DFC8}
	EndGlobalSection
EndGlobal
